// !$*UTF8*$!
{
	archiveVersion = 1;
	classes = {
	};
	objectVersion = 50;
	objects = {

/* Begin PBXBuildFile section */
		C809360F26BC3E1700A95DF2 /* Popup.swift in Sources */ = {isa = PBXBuildFile; fileRef = C809360E26BC3E1700A95DF2 /* Popup.swift */; };
		C81D408A26AD8C0200F275F1 /* quizBrain.swift in Sources */ = {isa = PBXBuildFile; fileRef = C81D408926AD8C0200F275F1 /* quizBrain.swift */; };
		C86AADE826AC741300FAB916 /* Question.swift in Sources */ = {isa = PBXBuildFile; fileRef = C86AADE726AC741300FAB916 /* Question.swift */; };
		C8744BD526AAF0D300C8CE90 /* AppDelegate.swift in Sources */ = {isa = PBXBuildFile; fileRef = C8744BD426AAF0D300C8CE90 /* AppDelegate.swift */; };
		C8744BD726AAF0D300C8CE90 /* SceneDelegate.swift in Sources */ = {isa = PBXBuildFile; fileRef = C8744BD626AAF0D300C8CE90 /* SceneDelegate.swift */; };
		C8744BD926AAF0D300C8CE90 /* ViewController.swift in Sources */ = {isa = PBXBuildFile; fileRef = C8744BD826AAF0D300C8CE90 /* ViewController.swift */; };
		C8744BDC26AAF0D300C8CE90 /* Main.storyboard in Resources */ = {isa = PBXBuildFile; fileRef = C8744BDA26AAF0D300C8CE90 /* Main.storyboard */; };
		C8744BDE26AAF0D400C8CE90 /* Assets.xcassets in Resources */ = {isa = PBXBuildFile; fileRef = C8744BDD26AAF0D400C8CE90 /* Assets.xcassets */; };
		C8744BE126AAF0D400C8CE90 /* LaunchScreen.storyboard in Resources */ = {isa = PBXBuildFile; fileRef = C8744BDF26AAF0D400C8CE90 /* LaunchScreen.storyboard */; };
		C885509F26B7DA420014AB1E /* Score.swift in Sources */ = {isa = PBXBuildFile; fileRef = C885509E26B7DA420014AB1E /* Score.swift */; };
/* End PBXBuildFile section */

/* Begin PBXFileReference section */
		C809360E26BC3E1700A95DF2 /* Popup.swift */ = {isa = PBXFileReference; lastKnownFileType = sourcecode.swift; path = Popup.swift; sourceTree = "<group>"; };
		C81D408926AD8C0200F275F1 /* quizBrain.swift */ = {isa = PBXFileReference; lastKnownFileType = sourcecode.swift; path = quizBrain.swift; sourceTree = "<group>"; };
		C86AADE726AC741300FAB916 /* Question.swift */ = {isa = PBXFileReference; lastKnownFileType = sourcecode.swift; path = Question.swift; sourceTree = "<group>"; };
		C8744BD126AAF0D300C8CE90 /* Quizzler.app */ = {isa = PBXFileReference; explicitFileType = wrapper.application; includeInIndex = 0; path = Quizzler.app; sourceTree = BUILT_PRODUCTS_DIR; };
		C8744BD426AAF0D300C8CE90 /* AppDelegate.swift */ = {isa = PBXFileReference; lastKnownFileType = sourcecode.swift; path = AppDelegate.swift; sourceTree = "<group>"; };
		C8744BD626AAF0D300C8CE90 /* SceneDelegate.swift */ = {isa = PBXFileReference; lastKnownFileType = sourcecode.swift; path = SceneDelegate.swift; sourceTree = "<group>"; };
		C8744BD826AAF0D300C8CE90 /* ViewController.swift */ = {isa = PBXFileReference; lastKnownFileType = sourcecode.swift; path = ViewController.swift; sourceTree = "<group>"; };
		C8744BDB26AAF0D300C8CE90 /* Base */ = {isa = PBXFileReference; lastKnownFileType = file.storyboard; name = Base; path = Base.lproj/Main.storyboard; sourceTree = "<group>"; };
		C8744BDD26AAF0D400C8CE90 /* Assets.xcassets */ = {isa = PBXFileReference; lastKnownFileType = folder.assetcatalog; path = Assets.xcassets; sourceTree = "<group>"; };
		C8744BE026AAF0D400C8CE90 /* Base */ = {isa = PBXFileReference; lastKnownFileType = file.storyboard; name = Base; path = Base.lproj/LaunchScreen.storyboard; sourceTree = "<group>"; };
		C8744BE226AAF0D400C8CE90 /* Info.plist */ = {isa = PBXFileReference; lastKnownFileType = text.plist.xml; path = Info.plist; sourceTree = "<group>"; };
		C885509E26B7DA420014AB1E /* Score.swift */ = {isa = PBXFileReference; lastKnownFileType = sourcecode.swift; path = Score.swift; sourceTree = "<group>"; };
/* End PBXFileReference section */

/* Begin PBXFrameworksBuildPhase section */
		C8744BCE26AAF0D300C8CE90 /* Frameworks */ = {
			isa = PBXFrameworksBuildPhase;
			buildActionMask = 2147483647;
			files = (
			);
			runOnlyForDeploymentPostprocessing = 0;
		};
/* End PBXFrameworksBuildPhase section */

/* Begin PBXGroup section */
		C8744BC826AAF0D300C8CE90 = {
			isa = PBXGroup;
			children = (
				C8744BD326AAF0D300C8CE90 /* Quizzler */,
				C8744BD226AAF0D300C8CE90 /* Products */,
			);
			sourceTree = "<group>";
		};
		C8744BD226AAF0D300C8CE90 /* Products */ = {
			isa = PBXGroup;
			children = (
				C8744BD126AAF0D300C8CE90 /* Quizzler.app */,
			);
			name = Products;
			sourceTree = "<group>";
		};
		C8744BD326AAF0D300C8CE90 /* Quizzler */ = {
			isa = PBXGroup;
			children = (
				C8744BD426AAF0D300C8CE90 /* AppDelegate.swift */,
				C8744BD626AAF0D300C8CE90 /* SceneDelegate.swift */,
				C8744BD826AAF0D300C8CE90 /* ViewController.swift */,
				C8744BDA26AAF0D300C8CE90 /* Main.storyboard */,
				C8744BDD26AAF0D400C8CE90 /* Assets.xcassets */,
				C885509E26B7DA420014AB1E /* Score.swift */,
				C8744BDF26AAF0D400C8CE90 /* LaunchScreen.storyboard */,
				C81D408926AD8C0200F275F1 /* quizBrain.swift */,
				C809360E26BC3E1700A95DF2 /* Popup.swift */,
				C86AADE726AC741300FAB916 /* Question.swift */,
				C8744BE226AAF0D400C8CE90 /* Info.plist */,
			);
			path = Quizzler;
			sourceTree = "<group>";
		};
/* End PBXGroup section */

/* Begin PBXNativeTarget section */
		C8744BD026AAF0D300C8CE90 /* Quizzler */ = {
			isa = PBXNativeTarget;
			buildConfigurationList = C8744BE526AAF0D400C8CE90 /* Build configuration list for PBXNativeTarget "Quizzler" */;
			buildPhases = (
				C8744BCD26AAF0D300C8CE90 /* Sources */,
				C8744BCE26AAF0D300C8CE90 /* Frameworks */,
				C8744BCF26AAF0D300C8CE90 /* Resources */,
			);
			buildRules = (
			);
			dependencies = (
			);
			name = Quizzler;
			productName = Quizzler;
			productReference = C8744BD126AAF0D300C8CE90 /* Quizzler.app */;
			productType = "com.apple.product-type.application";
		};
/* End PBXNativeTarget section */

/* Begin PBXProject section */
		C8744BC926AAF0D300C8CE90 /* Project object */ = {
			isa = PBXProject;
			attributes = {
				LastSwiftUpdateCheck = 1250;
				LastUpgradeCheck = 1250;
				TargetAttributes = {
					C8744BD026AAF0D300C8CE90 = {
						CreatedOnToolsVersion = 12.5;
					};
				};
			};
			buildConfigurationList = C8744BCC26AAF0D300C8CE90 /* Build configuration list for PBXProject "Quizzler" */;
			compatibilityVersion = "Xcode 9.3";
			developmentRegion = en;
			hasScannedForEncodings = 0;
			knownRegions = (
				en,
				Base,
			);
			mainGroup = C8744BC826AAF0D300C8CE90;
			productRefGroup = C8744BD226AAF0D300C8CE90 /* Products */;
			projectDirPath = "";
			projectRoot = "";
			targets = (
				C8744BD026AAF0D300C8CE90 /* Quizzler */,
			);
		};
/* End PBXProject section */

/* Begin PBXResourcesBuildPhase section */
		C8744BCF26AAF0D300C8CE90 /* Resources */ = {
			isa = PBXResourcesBuildPhase;
			buildActionMask = 2147483647;
			files = (
				C8744BE126AAF0D400C8CE90 /* LaunchScreen.storyboard in Resources */,
				C8744BDE26AAF0D400C8CE90 /* Assets.xcassets in Resources */,
				C8744BDC26AAF0D300C8CE90 /* Main.storyboard in Resources */,
			);
			runOnlyForDeploymentPostprocessing = 0;
		};
/* End PBXResourcesBuildPhase section */

/* Begin PBXSourcesBuildPhase section */
		C8744BCD26AAF0D300C8CE90 /* Sources */ = {
			isa = PBXSourcesBuildPhase;
			buildActionMask = 2147483647;
			files = (
				C809360F26BC3E1700A95DF2 /* Popup.swift in Sources */,
				C8744BD926AAF0D300C8CE90 /* ViewController.swift in Sources */,
				C86AADE826AC741300FAB916 /* Question.swift in Sources */,
				C8744BD526AAF0D300C8CE90 /* AppDelegate.swift in Sources */,
				C8744BD726AAF0D300C8CE90 /* SceneDelegate.swift in Sources */,
				C885509F26B7DA420014AB1E /* Score.swift in Sources */,
				C81D408A26AD8C0200F275F1 /* quizBrain.swift in Sources */,
			);
			runOnlyForDeploymentPostprocessing = 0;
		};
/* End PBXSourcesBuildPhase section */

/* Begin PBXVariantGroup section */
		C8744BDA26AAF0D300C8CE90 /* Main.storyboard */ = {
			isa = PBXVariantGroup;
			children = (
				C8744BDB26AAF0D300C8CE90 /* Base */,
			);
			name = Main.storyboard;
			sourceTree = "<group>";
		};
		C8744BDF26AAF0D400C8CE90 /* LaunchScreen.storyboard */ = {
			isa = PBXVariantGroup;
			children = (
				C8744BE026AAF0D400C8CE90 /* Base */,
			);
			name = LaunchScreen.storyboard;
			sourceTree = "<group>";
		};
/* End PBXVariantGroup section */

/* Begin XCBuildConfiguration section */
		C8744BE326AAF0D400C8CE90 /* Debug */ = {
			isa = XCBuildConfiguration;
			buildSettings = {
				ALWAYS_SEARCH_USER_PATHS = NO;
				CLANG_ANALYZER_NONNULL = YES;
				CLANG_ANALYZER_NUMBER_OBJECT_CONVERSION = YES_AGGRESSIVE;
				CLANG_CXX_LANGUAGE_STANDARD = "gnu++14";
				CLANG_CXX_LIBRARY = "libc++";
				CLANG_ENABLE_MODULES = YES;
				CLANG_ENABLE_OBJC_ARC = YES;
				CLANG_ENABLE_OBJC_WEAK = YES;
				CLANG_WARN_BLOCK_CAPTURE_AUTORELEASING = YES;
				CLANG_WARN_BOOL_CONVERSION = YES;
				CLANG_WARN_COMMA = YES;
				CLANG_WARN_CONSTANT_CONVERSION = YES;
				CLANG_WARN_DEPRECATED_OBJC_IMPLEMENTATIONS = YES;
				CLANG_WARN_DIRECT_OBJC_ISA_USAGE = YES_ERROR;
				CLANG_WARN_DOCUMENTATION_COMMENTS = YES;
				CLANG_WARN_EMPTY_BODY = YES;
				CLANG_WARN_ENUM_CONVERSION = YES;
				CLANG_WARN_INFINITE_RECURSION = YES;
				CLANG_WARN_INT_CONVERSION = YES;
				CLANG_WARN_NON_LITERAL_NULL_CONVERSION = YES;
				CLANG_WARN_OBJC_IMPLICIT_RETAIN_SELF = YES;
				CLANG_WARN_OBJC_LITERAL_CONVERSION = YES;
				CLANG_WARN_OBJC_ROOT_CLASS = YES_ERROR;
				CLANG_WARN_QUOTED_INCLUDE_IN_FRAMEWORK_HEADER = YES;
				CLANG_WARN_RANGE_LOOP_ANALYSIS = YES;
				CLANG_WARN_STRICT_PROTOTYPES = YES;
				CLANG_WARN_SUSPICIOUS_MOVE = YES;
				CLANG_WARN_UNGUARDED_AVAILABILITY = YES_AGGRESSIVE;
				CLANG_WARN_UNREACHABLE_CODE = YES;
				CLANG_WARN__DUPLICATE_METHOD_MATCH = YES;
				COPY_PHASE_STRIP = NO;
				DEBUG_INFORMATION_FORMAT = dwarf;
				ENABLE_STRICT_OBJC_MSGSEND = YES;
				ENABLE_TESTABILITY = YES;
				GCC_C_LANGUAGE_STANDARD = gnu11;
				GCC_DYNAMIC_NO_PIC = NO;
				GCC_NO_COMMON_BLOCKS = YES;
				GCC_OPTIMIZATION_LEVEL = 0;
				GCC_PREPROCESSOR_DEFINITIONS = (
					"DEBUG=1",
					"$(inherited)",
				);
				GCC_WARN_64_TO_32_BIT_CONVERSION = YES;
				GCC_WARN_ABOUT_RETURN_TYPE = YES_ERROR;
				GCC_WARN_UNDECLARED_SELECTOR = YES;
				GCC_WARN_UNINITIALIZED_AUTOS = YES_AGGRESSIVE;
				GCC_WARN_UNUSED_FUNCTION = YES;
				GCC_WARN_UNUSED_VARIABLE = YES;
				IPHONEOS_DEPLOYMENT_TARGET = 14.5;
				MTL_ENABLE_DEBUG_INFO = INCLUDE_SOURCE;
				MTL_FAST_MATH = YES;
				ONLY_ACTIVE_ARCH = YES;
				SDKROOT = iphoneos;
				SWIFT_ACTIVE_COMPILATION_CONDITIONS = DEBUG;
				SWIFT_OPTIMIZATION_LEVEL = "-Onone";
			};
			name = Debug;
		};
		C8744BE426AAF0D400C8CE90 /* Release */ = {
			isa = XCBuildConfiguration;
			buildSettings = {
				ALWAYS_SEARCH_USER_PATHS = NO;
				CLANG_ANALYZER_NONNULL = YES;
				CLANG_ANALYZER_NUMBER_OBJECT_CONVERSION = YES_AGGRESSIVE;
				CLANG_CXX_LANGUAGE_STANDARD = "gnu++14";
				CLANG_CXX_LIBRARY = "libc++";
				CLANG_ENABLE_MODULES = YES;
				CLANG_ENABLE_OBJC_ARC = YES;
				CLANG_ENABLE_OBJC_WEAK = YES;
				CLANG_WARN_BLOCK_CAPTURE_AUTORELEASING = YES;
				CLANG_WARN_BOOL_CONVERSION = YES;
				CLANG_WARN_COMMA = YES;
				CLANG_WARN_CONSTANT_CONVERSION = YES;
				CLANG_WARN_DEPRECATED_OBJC_IMPLEMENTATIONS = YES;
				CLANG_WARN_DIRECT_OBJC_ISA_USAGE = YES_ERROR;
				CLANG_WARN_DOCUMENTATION_COMMENTS = YES;
				CLANG_WARN_EMPTY_BODY = YES;
				CLANG_WARN_ENUM_CONVERSION = YES;
				CLANG_WARN_INFINITE_RECURSION = YES;
				CLANG_WARN_INT_CONVERSION = YES;
				CLANG_WARN_NON_LITERAL_NULL_CONVERSION = YES;
				CLANG_WARN_OBJC_IMPLICIT_RETAIN_SELF = YES;
				CLANG_WARN_OBJC_LITERAL_CONVERSION = YES;
				CLANG_WARN_OBJC_ROOT_CLASS = YES_ERROR;
				CLANG_WARN_QUOTED_INCLUDE_IN_FRAMEWORK_HEADER = YES;
				CLANG_WARN_RANGE_LOOP_ANALYSIS = YES;
				CLANG_WARN_STRICT_PROTOTYPES = YES;
				CLANG_WARN_SUSPICIOUS_MOVE = YES;
				CLANG_WARN_UNGUARDED_AVAILABILITY = YES_AGGRESSIVE;
				CLANG_WARN_UNREACHABLE_CODE = YES;
				CLANG_WARN__DUPLICATE_METHOD_MATCH = YES;
				COPY_PHASE_STRIP = NO;
				DEBUG_INFORMATION_FORMAT = "dwarf-with-dsym";
				ENABLE_NS_ASSERTIONS = NO;
				ENABLE_STRICT_OBJC_MSGSEND = YES;
				GCC_C_LANGUAGE_STANDARD = gnu11;
				GCC_NO_COMMON_BLOCKS = YES;
				GCC_WARN_64_TO_32_BIT_CONVERSION = YES;
				GCC_WARN_ABOUT_RETURN_TYPE = YES_ERROR;
				GCC_WARN_UNDECLARED_SELECTOR = YES;
				GCC_WARN_UNINITIALIZED_AUTOS = YES_AGGRESSIVE;
				GCC_WARN_UNUSED_FUNCTION = YES;
				GCC_WARN_UNUSED_VARIABLE = YES;
				IPHONEOS_DEPLOYMENT_TARGET = 14.5;
				MTL_ENABLE_DEBUG_INFO = NO;
				MTL_FAST_MATH = YES;
				SDKROOT = iphoneos;
				SWIFT_COMPILATION_MODE = wholemodule;
				SWIFT_OPTIMIZATION_LEVEL = "-O";
				VALIDATE_PRODUCT = YES;
			};
			name = Release;
		};
		C8744BE626AAF0D400C8CE90 /* Debug */ = {
			isa = XCBuildConfiguration;
			buildSettings = {
				ASSETCATALOG_COMPILER_APPICON_NAME = AppIcon;
				ASSETCATALOG_COMPILER_GLOBAL_ACCENT_COLOR_NAME = AccentColor;
				CODE_SIGN_STYLE = Automatic;
				DEVELOPMENT_TEAM = Z36VGA9KK8;
				INFOPLIST_FILE = Quizzler/Info.plist;
				LD_RUNPATH_SEARCH_PATHS = (
					"$(inherited)",
					"@executable_path/Frameworks",
				);
				PRODUCT_BUNDLE_IDENTIFIER = com.Quizzler;
				PRODUCT_NAME = "$(TARGET_NAME)";
				SWIFT_VERSION = 5.0;
				TARGETED_DEVICE_FAMILY = "1,2";
			};
			name = Debug;
		};
		C8744BE726AAF0D400C8CE90 /* Release */ = {
			isa = XCBuildConfiguration;
			buildSettings = {
				ASSETCATALOG_COMPILER_APPICON_NAME = AppIcon;
				ASSETCATALOG_COMPILER_GLOBAL_ACCENT_COLOR_NAME = AccentColor;
				CODE_SIGN_STYLE = Automatic;
				DEVELOPMENT_TEAM = Z36VGA9KK8;
				INFOPLIST_FILE = Quizzler/Info.plist;
				LD_RUNPATH_SEARCH_PATHS = (
					"$(inherited)",
					"@executable_path/Frameworks",
				);
				PRODUCT_BUNDLE_IDENTIFIER = com.Quizzler;
				PRODUCT_NAME = "$(TARGET_NAME)";
				SWIFT_VERSION = 5.0;
				TARGETED_DEVICE_FAMILY = "1,2";
			};
			name = Release;
		};
/* End XCBuildConfiguration section */

/* Begin XCConfigurationList section */
		C8744BCC26AAF0D300C8CE90 /* Build configuration list for PBXProject "Quizzler" */ = {
			isa = XCConfigurationList;
			buildConfigurations = (
				C8744BE326AAF0D400C8CE90 /* Debug */,
				C8744BE426AAF0D400C8CE90 /* Release */,
			);
			defaultConfigurationIsVisible = 0;
			defaultConfigurationName = Release;
		};
		C8744BE526AAF0D400C8CE90 /* Build configuration list for PBXNativeTarget "Quizzler" */ = {
			isa = XCConfigurationList;
			buildConfigurations = (
				C8744BE626AAF0D400C8CE90 /* Debug */,
				C8744BE726AAF0D400C8CE90 /* Release */,
			);
			defaultConfigurationIsVisible = 0;
			defaultConfigurationName = Release;
		};
/* End XCConfigurationList section */
	};
	rootObject = C8744BC926AAF0D300C8CE90 /* Project object */;
}
